
Microsoft Visual Studio Solution File, Format Version 12.00
# Visual Studio Version 17
VisualStudioVersion = 17.10.35122.118
MinimumVisualStudioVersion = 10.0.40219.1
Project("{2150E333-8FDC-42A3-9474-1A3956D46DE8}") = "Solution Items", "Solution Items", "{56B39CB5-513D-4380-B141-754DB8FFD999}"
	ProjectSection(SolutionItems) = preProject
		.editorconfig = .editorconfig
		.gitattributes = .gitattributes
		.gitignore = .gitignore
		LICENSE.txt = LICENSE.txt
		README.md = README.md
		TODO.txt = TODO.txt
	EndProjectSection
EndProject
Project("{FAE04EC0-301F-11D3-BF4B-00C04F79EFBC}") = "XenoFx", "XenoFx\XenoFx.csproj", "{19275631-E13A-4815-B93B-F7823C4237A0}"
EndProject
Project("{FAE04EC0-301F-11D3-BF4B-00C04F79EFBC}") = "XenoServe", "XenoServe\XenoServe.csproj", "{08FD2F32-F31C-435A-BC12-EF73CE6A3FCE}"
EndProject
Project("{FAE04EC0-301F-11D3-BF4B-00C04F79EFBC}") = "CSX.DotNet.Common", "CSX.DotNet.Common\CSX.DotNet.Common.csproj", "{6473D5DC-8FC9-4F90-959E-3A3C6FBCC932}"
EndProject
Project("{FAE04EC0-301F-11D3-BF4B-00C04F79EFBC}") = "CSXTests", "CSXTests\CSXTests.csproj", "{507E812C-A0D4-40BF-970A-260812D93C07}"
EndProject
Project("{FAE04EC0-301F-11D3-BF4B-00C04F79EFBC}") = "CSX.DotNet.Modules.AuthIpPin", "CSX.DotNet.Modules.AuthIpPin\CSX.DotNet.Modules.AuthIpPin.csproj", "{08CBC092-8401-4D74-A27F-FC35B5F51E16}"
EndProject
Project("{FAE04EC0-301F-11D3-BF4B-00C04F79EFBC}") = "CSX.DotNet.Modules.FileUploader", "CSX.DotNet.Modules.FileUploader\CSX.DotNet.Modules.FileUploader.csproj", "{00428808-5A36-407E-821D-9AA08357C203}"
EndProject
Project("{54A90642-561A-4BB1-A94E-469ADEE60C69}") = "xenoserve.frontend", "xenoserve.frontend\xenoserve.frontend.esproj", "{2292068F-A1DA-FD81-00C2-01B6D350E3DB}"
EndProject
Project("{FAE04EC0-301F-11D3-BF4B-00C04F79EFBC}") = "CSX.DotNet.Common.FileCompression", "CSX.DotNet.Common.FileCompression\CSX.DotNet.Common.FileCompression.csproj", "{32498C8C-62FB-49E4-A56B-4D82E18D3837}"
EndProject
Project("{FAE04EC0-301F-11D3-BF4B-00C04F79EFBC}") = "CSX.DotNet.Modules.FFMpeg.Provisioning", "CSX.DotNet.Modules.FFMpeg.Provisioning\CSX.DotNet.Modules.FFMpeg.Provisioning.csproj", "{BE42C5DC-5E97-9FF0-38EB-70343E794D0D}"
EndProject
Project("{FAE04EC0-301F-11D3-BF4B-00C04F79EFBC}") = "XenoFxTests", "XenoFxTests\XenoFxTests.csproj", "{5A67680E-7AC5-4E71-B6AB-05C480CC1A5D}"
EndProject
Project("{FAE04EC0-301F-11D3-BF4B-00C04F79EFBC}") = "CSX.DotNet.Common.EFC", "CSX.DotNet.Common.EFC\CSX.DotNet.Common.EFC.csproj", "{84A6F001-9E6E-48EA-92A1-1708CB4C82D8}"
EndProject
Project("{FAE04EC0-301F-11D3-BF4B-00C04F79EFBC}") = "CSX.DotNet.Modules.FileIndexing", "CSX.DotNet.Modules.FileIndexing\CSX.DotNet.Modules.FileIndexing.csproj", "{7E934A28-B305-47B2-8D3E-47EFD007BE55}"
EndProject
Project("{FAE04EC0-301F-11D3-BF4B-00C04F79EFBC}") = "CSX.DotNet.Common.IO.Integrity", "CSX.DotNet.Common.IO.Integrity\CSX.DotNet.Common.IO.Integrity.csproj", "{5197AA56-7973-40B5-95BE-5FABC62C4362}"
EndProject
Project("{FAE04EC0-301F-11D3-BF4B-00C04F79EFBC}") = "CSX.DotNet.Common.IO.Integrity.Tests", "CSX.DotNet.Common.IO.Integrity.Tests\CSX.DotNet.Common.IO.Integrity.Tests.csproj", "{CB7820F7-A88D-4A59-9E2F-AD5E177D2E6B}"
EndProject
Global
	GlobalSection(SolutionConfigurationPlatforms) = preSolution
		Debug|Any CPU = Debug|Any CPU
		Release|Any CPU = Release|Any CPU
	EndGlobalSection
	GlobalSection(ProjectConfigurationPlatforms) = postSolution
		{19275631-E13A-4815-B93B-F7823C4237A0}.Debug|Any CPU.ActiveCfg = Debug|Any CPU
		{19275631-E13A-4815-B93B-F7823C4237A0}.Debug|Any CPU.Build.0 = Debug|Any CPU
		{19275631-E13A-4815-B93B-F7823C4237A0}.Release|Any CPU.ActiveCfg = Release|Any CPU
		{19275631-E13A-4815-B93B-F7823C4237A0}.Release|Any CPU.Build.0 = Release|Any CPU
		{08FD2F32-F31C-435A-BC12-EF73CE6A3FCE}.Debug|Any CPU.ActiveCfg = Debug|Any CPU
		{08FD2F32-F31C-435A-BC12-EF73CE6A3FCE}.Debug|Any CPU.Build.0 = Debug|Any CPU
		{08FD2F32-F31C-435A-BC12-EF73CE6A3FCE}.Release|Any CPU.ActiveCfg = Release|Any CPU
		{08FD2F32-F31C-435A-BC12-EF73CE6A3FCE}.Release|Any CPU.Build.0 = Release|Any CPU
		{6473D5DC-8FC9-4F90-959E-3A3C6FBCC932}.Debug|Any CPU.ActiveCfg = Debug|Any CPU
		{6473D5DC-8FC9-4F90-959E-3A3C6FBCC932}.Debug|Any CPU.Build.0 = Debug|Any CPU
		{6473D5DC-8FC9-4F90-959E-3A3C6FBCC932}.Release|Any CPU.ActiveCfg = Release|Any CPU
		{6473D5DC-8FC9-4F90-959E-3A3C6FBCC932}.Release|Any CPU.Build.0 = Release|Any CPU
		{507E812C-A0D4-40BF-970A-260812D93C07}.Debug|Any CPU.ActiveCfg = Debug|Any CPU
		{507E812C-A0D4-40BF-970A-260812D93C07}.Debug|Any CPU.Build.0 = Debug|Any CPU
		{507E812C-A0D4-40BF-970A-260812D93C07}.Release|Any CPU.ActiveCfg = Release|Any CPU
		{507E812C-A0D4-40BF-970A-260812D93C07}.Release|Any CPU.Build.0 = Release|Any CPU
		{08CBC092-8401-4D74-A27F-FC35B5F51E16}.Debug|Any CPU.ActiveCfg = Debug|Any CPU
		{08CBC092-8401-4D74-A27F-FC35B5F51E16}.Debug|Any CPU.Build.0 = Debug|Any CPU
		{08CBC092-8401-4D74-A27F-FC35B5F51E16}.Release|Any CPU.ActiveCfg = Release|Any CPU
		{08CBC092-8401-4D74-A27F-FC35B5F51E16}.Release|Any CPU.Build.0 = Release|Any CPU
		{00428808-5A36-407E-821D-9AA08357C203}.Debug|Any CPU.ActiveCfg = Debug|Any CPU
		{00428808-5A36-407E-821D-9AA08357C203}.Debug|Any CPU.Build.0 = Debug|Any CPU
		{00428808-5A36-407E-821D-9AA08357C203}.Release|Any CPU.ActiveCfg = Release|Any CPU
		{00428808-5A36-407E-821D-9AA08357C203}.Release|Any CPU.Build.0 = Release|Any CPU
		{2292068F-A1DA-FD81-00C2-01B6D350E3DB}.Debug|Any CPU.ActiveCfg = Debug|Any CPU
		{2292068F-A1DA-FD81-00C2-01B6D350E3DB}.Debug|Any CPU.Build.0 = Debug|Any CPU
		{2292068F-A1DA-FD81-00C2-01B6D350E3DB}.Debug|Any CPU.Deploy.0 = Debug|Any CPU
		{2292068F-A1DA-FD81-00C2-01B6D350E3DB}.Release|Any CPU.ActiveCfg = Release|Any CPU
		{2292068F-A1DA-FD81-00C2-01B6D350E3DB}.Release|Any CPU.Build.0 = Release|Any CPU
		{2292068F-A1DA-FD81-00C2-01B6D350E3DB}.Release|Any CPU.Deploy.0 = Release|Any CPU
		{32498C8C-62FB-49E4-A56B-4D82E18D3837}.Debug|Any CPU.ActiveCfg = Debug|Any CPU
		{32498C8C-62FB-49E4-A56B-4D82E18D3837}.Debug|Any CPU.Build.0 = Debug|Any CPU
		{32498C8C-62FB-49E4-A56B-4D82E18D3837}.Release|Any CPU.ActiveCfg = Release|Any CPU
		{32498C8C-62FB-49E4-A56B-4D82E18D3837}.Release|Any CPU.Build.0 = Release|Any CPU
		{BE42C5DC-5E97-9FF0-38EB-70343E794D0D}.Debug|Any CPU.ActiveCfg = Debug|Any CPU
		{BE42C5DC-5E97-9FF0-38EB-70343E794D0D}.Debug|Any CPU.Build.0 = Debug|Any CPU
		{BE42C5DC-5E97-9FF0-38EB-70343E794D0D}.Release|Any CPU.ActiveCfg = Release|Any CPU
		{BE42C5DC-5E97-9FF0-38EB-70343E794D0D}.Release|Any CPU.Build.0 = Release|Any CPU
		{5A67680E-7AC5-4E71-B6AB-05C480CC1A5D}.Debug|Any CPU.ActiveCfg = Debug|Any CPU
		{5A67680E-7AC5-4E71-B6AB-05C480CC1A5D}.Debug|Any CPU.Build.0 = Debug|Any CPU
		{5A67680E-7AC5-4E71-B6AB-05C480CC1A5D}.Release|Any CPU.ActiveCfg = Release|Any CPU
		{5A67680E-7AC5-4E71-B6AB-05C480CC1A5D}.Release|Any CPU.Build.0 = Release|Any CPU
		{84A6F001-9E6E-48EA-92A1-1708CB4C82D8}.Debug|Any CPU.ActiveCfg = Debug|Any CPU
		{84A6F001-9E6E-48EA-92A1-1708CB4C82D8}.Debug|Any CPU.Build.0 = Debug|Any CPU
		{84A6F001-9E6E-48EA-92A1-1708CB4C82D8}.Release|Any CPU.ActiveCfg = Release|Any CPU
		{84A6F001-9E6E-48EA-92A1-1708CB4C82D8}.Release|Any CPU.Build.0 = Release|Any CPU
		{7E934A28-B305-47B2-8D3E-47EFD007BE55}.Debug|Any CPU.ActiveCfg = Debug|Any CPU
		{7E934A28-B305-47B2-8D3E-47EFD007BE55}.Debug|Any CPU.Build.0 = Debug|Any CPU
		{7E934A28-B305-47B2-8D3E-47EFD007BE55}.Release|Any CPU.ActiveCfg = Release|Any CPU
		{7E934A28-B305-47B2-8D3E-47EFD007BE55}.Release|Any CPU.Build.0 = Release|Any CPU
		{5197AA56-7973-40B5-95BE-5FABC62C4362}.Debug|Any CPU.ActiveCfg = Debug|Any CPU
		{5197AA56-7973-40B5-95BE-5FABC62C4362}.Debug|Any CPU.Build.0 = Debug|Any CPU
		{5197AA56-7973-40B5-95BE-5FABC62C4362}.Release|Any CPU.ActiveCfg = Release|Any CPU
		{5197AA56-7973-40B5-95BE-5FABC62C4362}.Release|Any CPU.Build.0 = Release|Any CPU
		{CB7820F7-A88D-4A59-9E2F-AD5E177D2E6B}.Debug|Any CPU.ActiveCfg = Debug|Any CPU
		{CB7820F7-A88D-4A59-9E2F-AD5E177D2E6B}.Debug|Any CPU.Build.0 = Debug|Any CPU
		{CB7820F7-A88D-4A59-9E2F-AD5E177D2E6B}.Release|Any CPU.ActiveCfg = Release|Any CPU
		{CB7820F7-A88D-4A59-9E2F-AD5E177D2E6B}.Release|Any CPU.Build.0 = Release|Any CPU
	EndGlobalSection
	GlobalSection(SolutionProperties) = preSolution
		HideSolutionNode = FALSE
	EndGlobalSection
	GlobalSection(ExtensibilityGlobals) = postSolution
		SolutionGuid = {E653DC9F-B0F5-484F-964F-923CB03BFC10}
	EndGlobalSection
EndGlobal
