
Microsoft Visual Studio Solution File, Format Version 12.00
# Visual Studio Version 17
VisualStudioVersion = 17.10.35122.118
MinimumVisualStudioVersion = 10.0.40219.1
Project("{2150E333-8FDC-42A3-9474-1A3956D46DE8}") = "Solution Items", "Solution Items", "{56B39CB5-513D-4380-B141-754DB8FFD999}"
	ProjectSection(SolutionItems) = preProject
		.editorconfig = .editorconfig
		.gitattributes = .gitattributes
		.gitignore = .gitignore
		LICENSE.txt = LICENSE.txt
		README.md = README.md
		TODO.txt = TODO.txt
	EndProjectSection
EndProject
Project("{FAE04EC0-301F-11D3-BF4B-00C04F79EFBC}") = "XenoFx", "XenoFx\XenoFx.csproj", "{19275631-E13A-4815-B93B-F7823C4237A0}"
EndProject
Project("{FAE04EC0-301F-11D3-BF4B-00C04F79EFBC}") = "XenoServe", "XenoServe\XenoServe.csproj", "{08FD2F32-F31C-435A-BC12-EF73CE6A3FCE}"
EndProject
Project("{FAE04EC0-301F-11D3-BF4B-00C04F79EFBC}") = "CSX.Common", "CSX.Common\CSX.Common.csproj", "{6473D5DC-8FC9-4F90-959E-3A3C6FBCC932}"
EndProject
Project("{FAE04EC0-301F-11D3-BF4B-00C04F79EFBC}") = "CSXTests", "CSXTests\CSXTests.csproj", "{507E812C-A0D4-40BF-970A-260812D93C07}"
EndProject
Global
	GlobalSection(SolutionConfigurationPlatforms) = preSolution
		Debug|Any CPU = Debug|Any CPU
		Release|Any CPU = Release|Any CPU
	EndGlobalSection
	GlobalSection(ProjectConfigurationPlatforms) = postSolution
		{19275631-E13A-4815-B93B-F7823C4237A0}.Debug|Any CPU.ActiveCfg = Debug|Any CPU
		{19275631-E13A-4815-B93B-F7823C4237A0}.Debug|Any CPU.Build.0 = Debug|Any CPU
		{19275631-E13A-4815-B93B-F7823C4237A0}.Release|Any CPU.ActiveCfg = Release|Any CPU
		{19275631-E13A-4815-B93B-F7823C4237A0}.Release|Any CPU.Build.0 = Release|Any CPU
		{08FD2F32-F31C-435A-BC12-EF73CE6A3FCE}.Debug|Any CPU.ActiveCfg = Debug|Any CPU
		{08FD2F32-F31C-435A-BC12-EF73CE6A3FCE}.Debug|Any CPU.Build.0 = Debug|Any CPU
		{08FD2F32-F31C-435A-BC12-EF73CE6A3FCE}.Release|Any CPU.ActiveCfg = Release|Any CPU
		{08FD2F32-F31C-435A-BC12-EF73CE6A3FCE}.Release|Any CPU.Build.0 = Release|Any CPU
		{6473D5DC-8FC9-4F90-959E-3A3C6FBCC932}.Debug|Any CPU.ActiveCfg = Debug|Any CPU
		{6473D5DC-8FC9-4F90-959E-3A3C6FBCC932}.Debug|Any CPU.Build.0 = Debug|Any CPU
		{6473D5DC-8FC9-4F90-959E-3A3C6FBCC932}.Release|Any CPU.ActiveCfg = Release|Any CPU
		{6473D5DC-8FC9-4F90-959E-3A3C6FBCC932}.Release|Any CPU.Build.0 = Release|Any CPU
		{507E812C-A0D4-40BF-970A-260812D93C07}.Debug|Any CPU.ActiveCfg = Debug|Any CPU
		{507E812C-A0D4-40BF-970A-260812D93C07}.Debug|Any CPU.Build.0 = Debug|Any CPU
		{507E812C-A0D4-40BF-970A-260812D93C07}.Release|Any CPU.ActiveCfg = Release|Any CPU
		{507E812C-A0D4-40BF-970A-260812D93C07}.Release|Any CPU.Build.0 = Release|Any CPU
	EndGlobalSection
	GlobalSection(SolutionProperties) = preSolution
		HideSolutionNode = FALSE
	EndGlobalSection
	GlobalSection(ExtensibilityGlobals) = postSolution
		SolutionGuid = {E653DC9F-B0F5-484F-964F-923CB03BFC10}
	EndGlobalSection
EndGlobal
